
Microsoft Visual Studio Solution File, Format Version 12.00
# Visual Studio 15
VisualStudioVersion = 15.0.27428.2043
MinimumVisualStudioVersion = 10.0.40219.1
Project("{FAE04EC0-301F-11D3-BF4B-00C04F79EFBC}") = "Address", "Address\Address.csproj", "{AF2A0E58-177E-4228-B62E-B63BF3CF1BCE}"
EndProject
Project("{FAE04EC0-301F-11D3-BF4B-00C04F79EFBC}") = "RectanglesCalculator", "RectanglesCalculator\RectanglesCalculator.csproj", "{FA8898C1-0988-485A-86CC-747B5E0AA001}"
EndProject
Project("{FAE04EC0-301F-11D3-BF4B-00C04F79EFBC}") = "Form", "Form\Form.csproj", "{AE69CE20-93DB-42E6-8D9E-A7BEB6C986DE}"
EndProject
Project("{FAE04EC0-301F-11D3-BF4B-00C04F79EFBC}") = "Exchange", "Exchange\Exchange.csproj", "{877FC9A4-2328-4519-95F1-2792BF693347}"
EndProject
Project("{FAE04EC0-301F-11D3-BF4B-00C04F79EFBC}") = "Salary", "Salery\Salary.csproj", "{0D0BA256-C2A0-4A6A-9F6F-0C341E1B47B0}"
EndProject
Global
	GlobalSection(SolutionConfigurationPlatforms) = preSolution
		Debug|Any CPU = Debug|Any CPU
		Debug|x86 = Debug|x86
		Release|Any CPU = Release|Any CPU
		Release|x86 = Release|x86
	EndGlobalSection
	GlobalSection(ProjectConfigurationPlatforms) = postSolution
		{AF2A0E58-177E-4228-B62E-B63BF3CF1BCE}.Debug|Any CPU.ActiveCfg = Debug|Any CPU
		{AF2A0E58-177E-4228-B62E-B63BF3CF1BCE}.Debug|Any CPU.Build.0 = Debug|Any CPU
		{AF2A0E58-177E-4228-B62E-B63BF3CF1BCE}.Debug|x86.ActiveCfg = Debug|Any CPU
		{AF2A0E58-177E-4228-B62E-B63BF3CF1BCE}.Debug|x86.Build.0 = Debug|Any CPU
		{AF2A0E58-177E-4228-B62E-B63BF3CF1BCE}.Release|Any CPU.ActiveCfg = Release|Any CPU
		{AF2A0E58-177E-4228-B62E-B63BF3CF1BCE}.Release|Any CPU.Build.0 = Release|Any CPU
		{AF2A0E58-177E-4228-B62E-B63BF3CF1BCE}.Release|x86.ActiveCfg = Release|Any CPU
		{AF2A0E58-177E-4228-B62E-B63BF3CF1BCE}.Release|x86.Build.0 = Release|Any CPU
		{FA8898C1-0988-485A-86CC-747B5E0AA001}.Debug|Any CPU.ActiveCfg = Debug|Any CPU
		{FA8898C1-0988-485A-86CC-747B5E0AA001}.Debug|Any CPU.Build.0 = Debug|Any CPU
		{FA8898C1-0988-485A-86CC-747B5E0AA001}.Debug|x86.ActiveCfg = Debug|Any CPU
		{FA8898C1-0988-485A-86CC-747B5E0AA001}.Debug|x86.Build.0 = Debug|Any CPU
		{FA8898C1-0988-485A-86CC-747B5E0AA001}.Release|Any CPU.ActiveCfg = Release|Any CPU
		{FA8898C1-0988-485A-86CC-747B5E0AA001}.Release|Any CPU.Build.0 = Release|Any CPU
		{FA8898C1-0988-485A-86CC-747B5E0AA001}.Release|x86.ActiveCfg = Release|Any CPU
		{FA8898C1-0988-485A-86CC-747B5E0AA001}.Release|x86.Build.0 = Release|Any CPU
		{AE69CE20-93DB-42E6-8D9E-A7BEB6C986DE}.Debug|Any CPU.ActiveCfg = Debug|Any CPU
		{AE69CE20-93DB-42E6-8D9E-A7BEB6C986DE}.Debug|Any CPU.Build.0 = Debug|Any CPU
		{AE69CE20-93DB-42E6-8D9E-A7BEB6C986DE}.Debug|x86.ActiveCfg = Debug|Any CPU
		{AE69CE20-93DB-42E6-8D9E-A7BEB6C986DE}.Debug|x86.Build.0 = Debug|Any CPU
		{AE69CE20-93DB-42E6-8D9E-A7BEB6C986DE}.Release|Any CPU.ActiveCfg = Release|Any CPU
		{AE69CE20-93DB-42E6-8D9E-A7BEB6C986DE}.Release|Any CPU.Build.0 = Release|Any CPU
		{AE69CE20-93DB-42E6-8D9E-A7BEB6C986DE}.Release|x86.ActiveCfg = Release|Any CPU
		{AE69CE20-93DB-42E6-8D9E-A7BEB6C986DE}.Release|x86.Build.0 = Release|Any CPU
		{877FC9A4-2328-4519-95F1-2792BF693347}.Debug|Any CPU.ActiveCfg = Debug|Any CPU
		{877FC9A4-2328-4519-95F1-2792BF693347}.Debug|Any CPU.Build.0 = Debug|Any CPU
		{877FC9A4-2328-4519-95F1-2792BF693347}.Debug|x86.ActiveCfg = Debug|Any CPU
		{877FC9A4-2328-4519-95F1-2792BF693347}.Debug|x86.Build.0 = Debug|Any CPU
		{877FC9A4-2328-4519-95F1-2792BF693347}.Release|Any CPU.ActiveCfg = Release|Any CPU
		{877FC9A4-2328-4519-95F1-2792BF693347}.Release|Any CPU.Build.0 = Release|Any CPU
		{877FC9A4-2328-4519-95F1-2792BF693347}.Release|x86.ActiveCfg = Release|Any CPU
		{877FC9A4-2328-4519-95F1-2792BF693347}.Release|x86.Build.0 = Release|Any CPU
		{0D0BA256-C2A0-4A6A-9F6F-0C341E1B47B0}.Debug|Any CPU.ActiveCfg = Debug|Any CPU
		{0D0BA256-C2A0-4A6A-9F6F-0C341E1B47B0}.Debug|Any CPU.Build.0 = Debug|Any CPU
		{0D0BA256-C2A0-4A6A-9F6F-0C341E1B47B0}.Debug|x86.ActiveCfg = Debug|Any CPU
		{0D0BA256-C2A0-4A6A-9F6F-0C341E1B47B0}.Debug|x86.Build.0 = Debug|Any CPU
		{0D0BA256-C2A0-4A6A-9F6F-0C341E1B47B0}.Release|Any CPU.ActiveCfg = Release|Any CPU
		{0D0BA256-C2A0-4A6A-9F6F-0C341E1B47B0}.Release|Any CPU.Build.0 = Release|Any CPU
		{0D0BA256-C2A0-4A6A-9F6F-0C341E1B47B0}.Release|x86.ActiveCfg = Release|Any CPU
		{0D0BA256-C2A0-4A6A-9F6F-0C341E1B47B0}.Release|x86.Build.0 = Release|Any CPU
	EndGlobalSection
	GlobalSection(SolutionProperties) = preSolution
		HideSolutionNode = FALSE
	EndGlobalSection
	GlobalSection(ExtensibilityGlobals) = postSolution
		SolutionGuid = {216E88F9-032D-4D90-94D4-F302376615CC}
	EndGlobalSection
EndGlobal
